PODS:
  - Capacitor (7.1.0):
    - CapacitorCordova
  - CapacitorApp (7.0.0):
    - Capacitor
  - CapacitorCordova (7.1.0)
  - CapacitorDevice (7.0.0):
    - Capacitor
  - CapacitorLocalNotifications (7.0.0):
    - Capacitor
  - CapacitorSplashScreen (7.0.0):
    - Capacitor
  - CapacitorStatusBar (7.0.0):
    - Capacitor

DEPENDENCIES:
  - "Capacitor (from `../../node_modules/@capacitor/ios`)"
  - "CapacitorApp (from `../../node_modules/@capacitor/app`)"
  - "CapacitorCordova (from `../../node_modules/@capacitor/ios`)"
  - "CapacitorDevice (from `../../node_modules/@capacitor/device`)"
  - "CapacitorLocalNotifications (from `../../node_modules/@capacitor/local-notifications`)"
  - "CapacitorSplashScreen (from `../../node_modules/@capacitor/splash-screen`)"
  - "CapacitorStatusBar (from `../../node_modules/@capacitor/status-bar`)"

EXTERNAL SOURCES:
  Capacitor:
    :path: "../../node_modules/@capacitor/ios"
  CapacitorApp:
    :path: "../../node_modules/@capacitor/app"
  CapacitorCordova:
    :path: "../../node_modules/@capacitor/ios"
  CapacitorDevice:
    :path: "../../node_modules/@capacitor/device"
  CapacitorLocalNotifications:
    :path: "../../node_modules/@capacitor/local-notifications"
  CapacitorSplashScreen:
    :path: "../../node_modules/@capacitor/splash-screen"
  CapacitorStatusBar:
    :path: "../../node_modules/@capacitor/status-bar"

SPEC CHECKSUMS:
  Capacitor: 68ff8eabbcce387e69767c13b5fbcc1c5399eabc
  CapacitorApp: 45cb7cbef4aa380b9236fd6980033eb5cde6fcd2
  CapacitorCordova: 866217f32c1d25b326c568a10ea3ed0c36b13e29
  CapacitorDevice: 62066b65e148a133df7b8c5bf972ba835b329748
  CapacitorLocalNotifications: 1270d26b56181ce081ccfab078b888c2f43d0fd0
  CapacitorSplashScreen: f4e58cc02aafd91c7cbaf32a3d1b44d02a115125
  CapacitorStatusBar: 438e90beeeefa8276b24e6c5991cb02dd13e51bf

PODFILE CHECKSUM: b818767e24a40e30667d4181e0e7978740ff1878

COCOAPODS: 1.16.2
